
Microsoft Visual Studio Solution File, Format Version 12.00
# Visual Studio Version 16
VisualStudioVersion = 16.0.30717.126
MinimumVisualStudioVersion = 10.0.40219.1
Project("{FAE04EC0-301F-11D3-BF4B-00C04F79EFBC}") = "AssFour", "AssFour\AssFour.csproj", "{64FFCA19-A586-4125-BCF9-451A69DEF690}"
EndProject
Project("{FAE04EC0-301F-11D3-BF4B-00C04F79EFBC}") = "SecondQue", "SecondQue\SecondQue.csproj", "{49F6797D-AA71-4ADB-A2BD-FC956F55A79E}"
EndProject
Project("{FAE04EC0-301F-11D3-BF4B-00C04F79EFBC}") = "QueThird", "QueThird\QueThird.csproj", "{58B590D6-6CF6-482E-B4B8-AF339EB16811}"
EndProject
Global
	GlobalSection(SolutionConfigurationPlatforms) = preSolution
		Debug|Any CPU = Debug|Any CPU
		Release|Any CPU = Release|Any CPU
	EndGlobalSection
	GlobalSection(ProjectConfigurationPlatforms) = postSolution
		{64FFCA19-A586-4125-BCF9-451A69DEF690}.Debug|Any CPU.ActiveCfg = Debug|Any CPU
		{64FFCA19-A586-4125-BCF9-451A69DEF690}.Debug|Any CPU.Build.0 = Debug|Any CPU
		{64FFCA19-A586-4125-BCF9-451A69DEF690}.Release|Any CPU.ActiveCfg = Release|Any CPU
		{64FFCA19-A586-4125-BCF9-451A69DEF690}.Release|Any CPU.Build.0 = Release|Any CPU
		{49F6797D-AA71-4ADB-A2BD-FC956F55A79E}.Debug|Any CPU.ActiveCfg = Debug|Any CPU
		{49F6797D-AA71-4ADB-A2BD-FC956F55A79E}.Debug|Any CPU.Build.0 = Debug|Any CPU
		{49F6797D-AA71-4ADB-A2BD-FC956F55A79E}.Release|Any CPU.ActiveCfg = Release|Any CPU
		{49F6797D-AA71-4ADB-A2BD-FC956F55A79E}.Release|Any CPU.Build.0 = Release|Any CPU
		{58B590D6-6CF6-482E-B4B8-AF339EB16811}.Debug|Any CPU.ActiveCfg = Debug|Any CPU
		{58B590D6-6CF6-482E-B4B8-AF339EB16811}.Debug|Any CPU.Build.0 = Debug|Any CPU
		{58B590D6-6CF6-482E-B4B8-AF339EB16811}.Release|Any CPU.ActiveCfg = Release|Any CPU
		{58B590D6-6CF6-482E-B4B8-AF339EB16811}.Release|Any CPU.Build.0 = Release|Any CPU
	EndGlobalSection
	GlobalSection(SolutionProperties) = preSolution
		HideSolutionNode = FALSE
	EndGlobalSection
	GlobalSection(ExtensibilityGlobals) = postSolution
		SolutionGuid = {83D32D5B-5912-443F-BD26-DDEDB4AF0062}
	EndGlobalSection
EndGlobal
